
Microsoft Visual Studio Solution File, Format Version 12.00
# Visual Studio Version 17
VisualStudioVersion = 17.6.33815.320
MinimumVisualStudioVersion = 10.0.40219.1
Project("{FAE04EC0-301F-11D3-BF4B-00C04F79EFBC}") = "Product Entry", "Product Entry.csproj", "{DDEF7FB6-1E9F-45B3-8CE2-4B250D9A7EBB}"
EndProject
Global
	GlobalSection(SolutionConfigurationPlatforms) = preSolution
		Debug|Any CPU = Debug|Any CPU
		Release|Any CPU = Release|Any CPU
	EndGlobalSection
	GlobalSection(ProjectConfigurationPlatforms) = postSolution
		{DDEF7FB6-1E9F-45B3-8CE2-4B250D9A7EBB}.Debug|Any CPU.ActiveCfg = Debug|Any CPU
		{DDEF7FB6-1E9F-45B3-8CE2-4B250D9A7EBB}.Debug|Any CPU.Build.0 = Debug|Any CPU
		{DDEF7FB6-1E9F-45B3-8CE2-4B250D9A7EBB}.Release|Any CPU.ActiveCfg = Release|Any CPU
		{DDEF7FB6-1E9F-45B3-8CE2-4B250D9A7EBB}.Release|Any CPU.Build.0 = Release|Any CPU
	EndGlobalSection
	GlobalSection(SolutionProperties) = preSolution
		HideSolutionNode = FALSE
	EndGlobalSection
	GlobalSection(ExtensibilityGlobals) = postSolution
		SolutionGuid = {B8F7D58D-F4D2-40F9-98B6-ADC63A64961E}
	EndGlobalSection
EndGlobal
